
Microsoft Visual Studio Solution File, Format Version 12.00
# Visual Studio Version 17
VisualStudioVersion = 17.1.32228.430
MinimumVisualStudioVersion = 10.0.40219.1
Project("{FAE04EC0-301F-11D3-BF4B-00C04F79EFBC}") = "SteamOrganizer.Server", "SteamOrganizer.Server\SteamOrganizer.Server.csproj", "{549E201A-146D-4146-A4F0-43A10D25C39B}"
EndProject
Global
	GlobalSection(SolutionConfigurationPlatforms) = preSolution
		Debug|Any CPU = Debug|Any CPU
		Release|Any CPU = Release|Any CPU
	EndGlobalSection
	GlobalSection(ProjectConfigurationPlatforms) = postSolution
		{549E201A-146D-4146-A4F0-43A10D25C39B}.Debug|Any CPU.ActiveCfg = Debug|Any CPU
		{549E201A-146D-4146-A4F0-43A10D25C39B}.Debug|Any CPU.Build.0 = Debug|Any CPU
		{549E201A-146D-4146-A4F0-43A10D25C39B}.Release|Any CPU.ActiveCfg = Release|Any CPU
		{549E201A-146D-4146-A4F0-43A10D25C39B}.Release|Any CPU.Build.0 = Release|Any CPU
	EndGlobalSection
	GlobalSection(SolutionProperties) = preSolution
		HideSolutionNode = FALSE
	EndGlobalSection
	GlobalSection(ExtensibilityGlobals) = postSolution
		SolutionGuid = {6E0F49B9-C1D7-4E13-8E98-8D2356D59CB9}
	EndGlobalSection
EndGlobal
